// !$*UTF8*$!
{
	archiveVersion = 1;
	classes = {
	};
	objectVersion = 48;
	objects = {

/* Begin PBXBuildFile section */
		A1B7A2B21FDC442100851144 /* AppDelegate.swift in Sources */ = {isa = PBXBuildFile; fileRef = A1B7A2B11FDC442100851144 /* AppDelegate.swift */; };
		A1B7A2B71FDC442100851144 /* Main.storyboard in Resources */ = {isa = PBXBuildFile; fileRef = A1B7A2B51FDC442100851144 /* Main.storyboard */; };
		A1B7A2BA1FDC442100851144 /* CryptoBalance.xcdatamodeld in Sources */ = {isa = PBXBuildFile; fileRef = A1B7A2B81FDC442100851144 /* CryptoBalance.xcdatamodeld */; };
		A1B7A2BC1FDC442100851144 /* Assets.xcassets in Resources */ = {isa = PBXBuildFile; fileRef = A1B7A2BB1FDC442100851144 /* Assets.xcassets */; };
		A1B7A2BF1FDC442100851144 /* LaunchScreen.storyboard in Resources */ = {isa = PBXBuildFile; fileRef = A1B7A2BD1FDC442100851144 /* LaunchScreen.storyboard */; };
/* End PBXBuildFile section */

/* Begin PBXFileReference section */
		A1B7A2AE1FDC442100851144 /* CryptoBalance.app */ = {isa = PBXFileReference; explicitFileType = wrapper.application; includeInIndex = 0; path = CryptoBalance.app; sourceTree = BUILT_PRODUCTS_DIR; };
		A1B7A2B11FDC442100851144 /* AppDelegate.swift */ = {isa = PBXFileReference; lastKnownFileType = sourcecode.swift; path = AppDelegate.swift; sourceTree = "<group>"; };
		A1B7A2B61FDC442100851144 /* Base */ = {isa = PBXFileReference; lastKnownFileType = file.storyboard; name = Base; path = Base.lproj/Main.storyboard; sourceTree = "<group>"; };
		A1B7A2B91FDC442100851144 /* CryptoBalance.xcdatamodel */ = {isa = PBXFileReference; lastKnownFileType = wrapper.xcdatamodel; path = CryptoBalance.xcdatamodel; sourceTree = "<group>"; };
		A1B7A2BB1FDC442100851144 /* Assets.xcassets */ = {isa = PBXFileReference; lastKnownFileType = folder.assetcatalog; path = Assets.xcassets; sourceTree = "<group>"; };
		A1B7A2BE1FDC442100851144 /* Base */ = {isa = PBXFileReference; lastKnownFileType = file.storyboard; name = Base; path = Base.lproj/LaunchScreen.storyboard; sourceTree = "<group>"; };
		A1B7A2C01FDC442100851144 /* Info.plist */ = {isa = PBXFileReference; lastKnownFileType = text.plist.xml; path = Info.plist; sourceTree = "<group>"; };
/* End PBXFileReference section */

/* Begin PBXFrameworksBuildPhase section */
		A1B7A2AB1FDC442100851144 /* Frameworks */ = {
			isa = PBXFrameworksBuildPhase;
			buildActionMask = 2147483647;
			files = (
			);
			runOnlyForDeploymentPostprocessing = 0;
		};
/* End PBXFrameworksBuildPhase section */

/* Begin PBXGroup section */
		A1B7A2A51FDC442100851144 = {
			isa = PBXGroup;
			children = (
				A1B7A2B01FDC442100851144 /* CryptoBalance */,
				A1B7A2AF1FDC442100851144 /* Products */,
			);
			sourceTree = "<group>";
		};
		A1B7A2AF1FDC442100851144 /* Products */ = {
			isa = PBXGroup;
			children = (
				A1B7A2AE1FDC442100851144 /* CryptoBalance.app */,
			);
			name = Products;
			sourceTree = "<group>";
		};
		A1B7A2B01FDC442100851144 /* CryptoBalance */ = {
			isa = PBXGroup;
			children = (
				A1B7A2B11FDC442100851144 /* AppDelegate.swift */,
				A1B7A2B51FDC442100851144 /* Main.storyboard */,
				A1B7A2C61FDC563E00851144 /* Model */,
				A1B7A2C71FDC564700851144 /* Controller */,
				A1B7A2C81FDC565A00851144 /* Supporting Files */,
				A1B7A2C01FDC442100851144 /* Info.plist */,
			);
			path = CryptoBalance;
			sourceTree = "<group>";
		};
		A1B7A2C61FDC563E00851144 /* Model */ = {
			isa = PBXGroup;
			children = (
				A1B7A2B81FDC442100851144 /* CryptoBalance.xcdatamodeld */,
			);
			path = Model;
			sourceTree = "<group>";
		};
		A1B7A2C71FDC564700851144 /* Controller */ = {
			isa = PBXGroup;
			children = (
			);
			path = Controller;
			sourceTree = "<group>";
		};
		A1B7A2C81FDC565A00851144 /* Supporting Files */ = {
			isa = PBXGroup;
			children = (
				A1B7A2BB1FDC442100851144 /* Assets.xcassets */,
				A1B7A2BD1FDC442100851144 /* LaunchScreen.storyboard */,
			);
			path = "Supporting Files";
			sourceTree = "<group>";
		};
/* End PBXGroup section */

/* Begin PBXNativeTarget section */
		A1B7A2AD1FDC442100851144 /* CryptoBalance */ = {
			isa = PBXNativeTarget;
			buildConfigurationList = A1B7A2C31FDC442100851144 /* Build configuration list for PBXNativeTarget "CryptoBalance" */;
			buildPhases = (
				A1B7A2AA1FDC442100851144 /* Sources */,
				A1B7A2AB1FDC442100851144 /* Frameworks */,
				A1B7A2AC1FDC442100851144 /* Resources */,
			);
			buildRules = (
			);
			dependencies = (
			);
			name = CryptoBalance;
			productName = CryptoBalance;
			productReference = A1B7A2AE1FDC442100851144 /* CryptoBalance.app */;
			productType = "com.apple.product-type.application";
		};
/* End PBXNativeTarget section */

/* Begin PBXProject section */
		A1B7A2A61FDC442100851144 /* Project object */ = {
			isa = PBXProject;
			attributes = {
				LastSwiftUpdateCheck = 0920;
				LastUpgradeCheck = 0920;
				ORGANIZATIONNAME = "Taylor Masterson";
				TargetAttributes = {
					A1B7A2AD1FDC442100851144 = {
						CreatedOnToolsVersion = 9.2;
						ProvisioningStyle = Automatic;
					};
				};
			};
			buildConfigurationList = A1B7A2A91FDC442100851144 /* Build configuration list for PBXProject "CryptoBalance" */;
			compatibilityVersion = "Xcode 8.0";
			developmentRegion = en;
			hasScannedForEncodings = 0;
			knownRegions = (
				en,
				Base,
			);
			mainGroup = A1B7A2A51FDC442100851144;
			productRefGroup = A1B7A2AF1FDC442100851144 /* Products */;
			projectDirPath = "";
			projectRoot = "";
			targets = (
				A1B7A2AD1FDC442100851144 /* CryptoBalance */,
			);
		};
/* End PBXProject section */

/* Begin PBXResourcesBuildPhase section */
		A1B7A2AC1FDC442100851144 /* Resources */ = {
			isa = PBXResourcesBuildPhase;
			buildActionMask = 2147483647;
			files = (
				A1B7A2BF1FDC442100851144 /* LaunchScreen.storyboard in Resources */,
				A1B7A2BC1FDC442100851144 /* Assets.xcassets in Resources */,
				A1B7A2B71FDC442100851144 /* Main.storyboard in Resources */,
			);
			runOnlyForDeploymentPostprocessing = 0;
		};
/* End PBXResourcesBuildPhase section */

/* Begin PBXSourcesBuildPhase section */
		A1B7A2AA1FDC442100851144 /* Sources */ = {
			isa = PBXSourcesBuildPhase;
			buildActionMask = 2147483647;
			files = (
				A1B7A2BA1FDC442100851144 /* CryptoBalance.xcdatamodeld in Sources */,
				A1B7A2B21FDC442100851144 /* AppDelegate.swift in Sources */,
			);
			runOnlyForDeploymentPostprocessing = 0;
		};
/* End PBXSourcesBuildPhase section */

/* Begin PBXVariantGroup section */
		A1B7A2B51FDC442100851144 /* Main.storyboard */ = {
			isa = PBXVariantGroup;
			children = (
				A1B7A2B61FDC442100851144 /* Base */,
			);
			name = Main.storyboard;
			sourceTree = "<group>";
		};
		A1B7A2BD1FDC442100851144 /* LaunchScreen.storyboard */ = {
			isa = PBXVariantGroup;
			children = (
				A1B7A2BE1FDC442100851144 /* Base */,
			);
			name = LaunchScreen.storyboard;
			sourceTree = "<group>";
		};
/* End PBXVariantGroup section */

/* Begin XCBuildConfiguration section */
		A1B7A2C11FDC442100851144 /* Debug */ = {
			isa = XCBuildConfiguration;
			buildSettings = {
				ALWAYS_SEARCH_USER_PATHS = NO;
				CLANG_ANALYZER_NONNULL = YES;
				CLANG_ANALYZER_NUMBER_OBJECT_CONVERSION = YES_AGGRESSIVE;
				CLANG_CXX_LANGUAGE_STANDARD = "gnu++14";
				CLANG_CXX_LIBRARY = "libc++";
				CLANG_ENABLE_MODULES = YES;
				CLANG_ENABLE_OBJC_ARC = YES;
				CLANG_WARN_BLOCK_CAPTURE_AUTORELEASING = YES;
				CLANG_WARN_BOOL_CONVERSION = YES;
				CLANG_WARN_COMMA = YES;
				CLANG_WARN_CONSTANT_CONVERSION = YES;
				CLANG_WARN_DIRECT_OBJC_ISA_USAGE = YES_ERROR;
				CLANG_WARN_DOCUMENTATION_COMMENTS = YES;
				CLANG_WARN_EMPTY_BODY = YES;
				CLANG_WARN_ENUM_CONVERSION = YES;
				CLANG_WARN_INFINITE_RECURSION = YES;
				CLANG_WARN_INT_CONVERSION = YES;
				CLANG_WARN_NON_LITERAL_NULL_CONVERSION = YES;
				CLANG_WARN_OBJC_LITERAL_CONVERSION = YES;
				CLANG_WARN_OBJC_ROOT_CLASS = YES_ERROR;
				CLANG_WARN_RANGE_LOOP_ANALYSIS = YES;
				CLANG_WARN_STRICT_PROTOTYPES = YES;
				CLANG_WARN_SUSPICIOUS_MOVE = YES;
				CLANG_WARN_UNGUARDED_AVAILABILITY = YES_AGGRESSIVE;
				CLANG_WARN_UNREACHABLE_CODE = YES;
				CLANG_WARN__DUPLICATE_METHOD_MATCH = YES;
				CODE_SIGN_IDENTITY = "iPhone Developer";
				COPY_PHASE_STRIP = NO;
				DEBUG_INFORMATION_FORMAT = dwarf;
				ENABLE_STRICT_OBJC_MSGSEND = YES;
				ENABLE_TESTABILITY = YES;
				GCC_C_LANGUAGE_STANDARD = gnu11;
				GCC_DYNAMIC_NO_PIC = NO;
				GCC_NO_COMMON_BLOCKS = YES;
				GCC_OPTIMIZATION_LEVEL = 0;
				GCC_PREPROCESSOR_DEFINITIONS = (
					"DEBUG=1",
					"$(inherited)",
				);
				GCC_WARN_64_TO_32_BIT_CONVERSION = YES;
				GCC_WARN_ABOUT_RETURN_TYPE = YES_ERROR;
				GCC_WARN_UNDECLARED_SELECTOR = YES;
				GCC_WARN_UNINITIALIZED_AUTOS = YES_AGGRESSIVE;
				GCC_WARN_UNUSED_FUNCTION = YES;
				GCC_WARN_UNUSED_VARIABLE = YES;
				IPHONEOS_DEPLOYMENT_TARGET = 11.2;
				MTL_ENABLE_DEBUG_INFO = YES;
				ONLY_ACTIVE_ARCH = YES;
				SDKROOT = iphoneos;
				SWIFT_ACTIVE_COMPILATION_CONDITIONS = DEBUG;
				SWIFT_OPTIMIZATION_LEVEL = "-Onone";
			};
			name = Debug;
		};
		A1B7A2C21FDC442100851144 /* Release */ = {
			isa = XCBuildConfiguration;
			buildSettings = {
				ALWAYS_SEARCH_USER_PATHS = NO;
				CLANG_ANALYZER_NONNULL = YES;
				CLANG_ANALYZER_NUMBER_OBJECT_CONVERSION = YES_AGGRESSIVE;
				CLANG_CXX_LANGUAGE_STANDARD = "gnu++14";
				CLANG_CXX_LIBRARY = "libc++";
				CLANG_ENABLE_MODULES = YES;
				CLANG_ENABLE_OBJC_ARC = YES;
				CLANG_WARN_BLOCK_CAPTURE_AUTORELEASING = YES;
				CLANG_WARN_BOOL_CONVERSION = YES;
				CLANG_WARN_COMMA = YES;
				CLANG_WARN_CONSTANT_CONVERSION = YES;
				CLANG_WARN_DIRECT_OBJC_ISA_USAGE = YES_ERROR;
				CLANG_WARN_DOCUMENTATION_COMMENTS = YES;
				CLANG_WARN_EMPTY_BODY = YES;
				CLANG_WARN_ENUM_CONVERSION = YES;
				CLANG_WARN_INFINITE_RECURSION = YES;
				CLANG_WARN_INT_CONVERSION = YES;
				CLANG_WARN_NON_LITERAL_NULL_CONVERSION = YES;
				CLANG_WARN_OBJC_LITERAL_CONVERSION = YES;
				CLANG_WARN_OBJC_ROOT_CLASS = YES_ERROR;
				CLANG_WARN_RANGE_LOOP_ANALYSIS = YES;
				CLANG_WARN_STRICT_PROTOTYPES = YES;
				CLANG_WARN_SUSPICIOUS_MOVE = YES;
				CLANG_WARN_UNGUARDED_AVAILABILITY = YES_AGGRESSIVE;
				CLANG_WARN_UNREACHABLE_CODE = YES;
				CLANG_WARN__DUPLICATE_METHOD_MATCH = YES;
				CODE_SIGN_IDENTITY = "iPhone Developer";
				COPY_PHASE_STRIP = NO;
				DEBUG_INFORMATION_FORMAT = "dwarf-with-dsym";
				ENABLE_NS_ASSERTIONS = NO;
				ENABLE_STRICT_OBJC_MSGSEND = YES;
				GCC_C_LANGUAGE_STANDARD = gnu11;
				GCC_NO_COMMON_BLOCKS = YES;
				GCC_WARN_64_TO_32_BIT_CONVERSION = YES;
				GCC_WARN_ABOUT_RETURN_TYPE = YES_ERROR;
				GCC_WARN_UNDECLARED_SELECTOR = YES;
				GCC_WARN_UNINITIALIZED_AUTOS = YES_AGGRESSIVE;
				GCC_WARN_UNUSED_FUNCTION = YES;
				GCC_WARN_UNUSED_VARIABLE = YES;
				IPHONEOS_DEPLOYMENT_TARGET = 11.2;
				MTL_ENABLE_DEBUG_INFO = NO;
				SDKROOT = iphoneos;
				SWIFT_OPTIMIZATION_LEVEL = "-Owholemodule";
				VALIDATE_PRODUCT = YES;
			};
			name = Release;
		};
		A1B7A2C41FDC442100851144 /* Debug */ = {
			isa = XCBuildConfiguration;
			buildSettings = {
				ASSETCATALOG_COMPILER_APPICON_NAME = AppIcon;
				CODE_SIGN_STYLE = Automatic;
				INFOPLIST_FILE = CryptoBalance/Info.plist;
				LD_RUNPATH_SEARCH_PATHS = "$(inherited) @executable_path/Frameworks";
				PRODUCT_BUNDLE_IDENTIFIER = com.taylormasterson.CryptoBalance;
				PRODUCT_NAME = "$(TARGET_NAME)";
				SWIFT_VERSION = 4.0;
				TARGETED_DEVICE_FAMILY = "1,2";
			};
			name = Debug;
		};
		A1B7A2C51FDC442100851144 /* Release */ = {
			isa = XCBuildConfiguration;
			buildSettings = {
				ASSETCATALOG_COMPILER_APPICON_NAME = AppIcon;
				CODE_SIGN_STYLE = Automatic;
				INFOPLIST_FILE = CryptoBalance/Info.plist;
				LD_RUNPATH_SEARCH_PATHS = "$(inherited) @executable_path/Frameworks";
				PRODUCT_BUNDLE_IDENTIFIER = com.taylormasterson.CryptoBalance;
				PRODUCT_NAME = "$(TARGET_NAME)";
				SWIFT_VERSION = 4.0;
				TARGETED_DEVICE_FAMILY = "1,2";
			};
			name = Release;
		};
/* End XCBuildConfiguration section */

/* Begin XCConfigurationList section */
		A1B7A2A91FDC442100851144 /* Build configuration list for PBXProject "CryptoBalance" */ = {
			isa = XCConfigurationList;
			buildConfigurations = (
				A1B7A2C11FDC442100851144 /* Debug */,
				A1B7A2C21FDC442100851144 /* Release */,
			);
			defaultConfigurationIsVisible = 0;
			defaultConfigurationName = Release;
		};
		A1B7A2C31FDC442100851144 /* Build configuration list for PBXNativeTarget "CryptoBalance" */ = {
			isa = XCConfigurationList;
			buildConfigurations = (
				A1B7A2C41FDC442100851144 /* Debug */,
				A1B7A2C51FDC442100851144 /* Release */,
			);
			defaultConfigurationIsVisible = 0;
			defaultConfigurationName = Release;
		};
/* End XCConfigurationList section */

/* Begin XCVersionGroup section */
		A1B7A2B81FDC442100851144 /* CryptoBalance.xcdatamodeld */ = {
			isa = XCVersionGroup;
			children = (
				A1B7A2B91FDC442100851144 /* CryptoBalance.xcdatamodel */,
			);
			currentVersion = A1B7A2B91FDC442100851144 /* CryptoBalance.xcdatamodel */;
			path = CryptoBalance.xcdatamodeld;
			sourceTree = "<group>";
			versionGroupType = wrapper.xcdatamodel;
		};
/* End XCVersionGroup section */
	};
	rootObject = A1B7A2A61FDC442100851144 /* Project object */;
}
